
Microsoft Visual Studio Solution File, Format Version 12.00
# Visual Studio 15
VisualStudioVersion = 15.0.28307.106
MinimumVisualStudioVersion = 10.0.40219.1
Project("{FAE04EC0-301F-11D3-BF4B-00C04F79EFBC}") = "CVAdam1.MVCWebUI", "CVAdam1.MVCWebUI\CVAdam1.MVCWebUI.csproj", "{14F20B53-2837-4AB7-917F-3965CED3CDD0}"
EndProject
Global
	GlobalSection(SolutionConfigurationPlatforms) = preSolution
		Debug|Any CPU = Debug|Any CPU
		Release|Any CPU = Release|Any CPU
	EndGlobalSection
	GlobalSection(ProjectConfigurationPlatforms) = postSolution
		{14F20B53-2837-4AB7-917F-3965CED3CDD0}.Debug|Any CPU.ActiveCfg = Debug|Any CPU
		{14F20B53-2837-4AB7-917F-3965CED3CDD0}.Debug|Any CPU.Build.0 = Debug|Any CPU
		{14F20B53-2837-4AB7-917F-3965CED3CDD0}.Release|Any CPU.ActiveCfg = Release|Any CPU
		{14F20B53-2837-4AB7-917F-3965CED3CDD0}.Release|Any CPU.Build.0 = Release|Any CPU
	EndGlobalSection
	GlobalSection(SolutionProperties) = preSolution
		HideSolutionNode = FALSE
	EndGlobalSection
	GlobalSection(ExtensibilityGlobals) = postSolution
		SolutionGuid = {D4C3B433-F656-4288-A52A-91249CE86D44}
	EndGlobalSection
EndGlobal
